
Microsoft Visual Studio Solution File, Format Version 12.00
# Visual Studio Version 16
VisualStudioVersion = 16.0.31205.134
MinimumVisualStudioVersion = 10.0.40219.1
Project("{FAE04EC0-301F-11D3-BF4B-00C04F79EFBC}") = "UWPXAML_UIACustomization", "UWPXAML_UIACustomization\UWPXAML_UIACustomization.csproj", "{DDCF9785-81FF-4304-B54B-23FD344B68EC}"
EndProject
Global
	GlobalSection(SolutionConfigurationPlatforms) = preSolution
		Debug|ARM = Debug|ARM
		Debug|ARM64 = Debug|ARM64
		Debug|x64 = Debug|x64
		Debug|x86 = Debug|x86
		Release|ARM = Release|ARM
		Release|ARM64 = Release|ARM64
		Release|x64 = Release|x64
		Release|x86 = Release|x86
	EndGlobalSection
	GlobalSection(ProjectConfigurationPlatforms) = postSolution
		{DDCF9785-81FF-4304-B54B-23FD344B68EC}.Debug|ARM.ActiveCfg = Debug|ARM
		{DDCF9785-81FF-4304-B54B-23FD344B68EC}.Debug|ARM.Build.0 = Debug|ARM
		{DDCF9785-81FF-4304-B54B-23FD344B68EC}.Debug|ARM.Deploy.0 = Debug|ARM
		{DDCF9785-81FF-4304-B54B-23FD344B68EC}.Debug|ARM64.ActiveCfg = Debug|ARM64
		{DDCF9785-81FF-4304-B54B-23FD344B68EC}.Debug|ARM64.Build.0 = Debug|ARM64
		{DDCF9785-81FF-4304-B54B-23FD344B68EC}.Debug|ARM64.Deploy.0 = Debug|ARM64
		{DDCF9785-81FF-4304-B54B-23FD344B68EC}.Debug|x64.ActiveCfg = Debug|x64
		{DDCF9785-81FF-4304-B54B-23FD344B68EC}.Debug|x64.Build.0 = Debug|x64
		{DDCF9785-81FF-4304-B54B-23FD344B68EC}.Debug|x64.Deploy.0 = Debug|x64
		{DDCF9785-81FF-4304-B54B-23FD344B68EC}.Debug|x86.ActiveCfg = Debug|x86
		{DDCF9785-81FF-4304-B54B-23FD344B68EC}.Debug|x86.Build.0 = Debug|x86
		{DDCF9785-81FF-4304-B54B-23FD344B68EC}.Debug|x86.Deploy.0 = Debug|x86
		{DDCF9785-81FF-4304-B54B-23FD344B68EC}.Release|ARM.ActiveCfg = Release|ARM
		{DDCF9785-81FF-4304-B54B-23FD344B68EC}.Release|ARM.Build.0 = Release|ARM
		{DDCF9785-81FF-4304-B54B-23FD344B68EC}.Release|ARM.Deploy.0 = Release|ARM
		{DDCF9785-81FF-4304-B54B-23FD344B68EC}.Release|ARM64.ActiveCfg = Release|ARM64
		{DDCF9785-81FF-4304-B54B-23FD344B68EC}.Release|ARM64.Build.0 = Release|ARM64
		{DDCF9785-81FF-4304-B54B-23FD344B68EC}.Release|ARM64.Deploy.0 = Release|ARM64
		{DDCF9785-81FF-4304-B54B-23FD344B68EC}.Release|x64.ActiveCfg = Release|x64
		{DDCF9785-81FF-4304-B54B-23FD344B68EC}.Release|x64.Build.0 = Release|x64
		{DDCF9785-81FF-4304-B54B-23FD344B68EC}.Release|x64.Deploy.0 = Release|x64
		{DDCF9785-81FF-4304-B54B-23FD344B68EC}.Release|x86.ActiveCfg = Release|x86
		{DDCF9785-81FF-4304-B54B-23FD344B68EC}.Release|x86.Build.0 = Release|x86
		{DDCF9785-81FF-4304-B54B-23FD344B68EC}.Release|x86.Deploy.0 = Release|x86
	EndGlobalSection
	GlobalSection(SolutionProperties) = preSolution
		HideSolutionNode = FALSE
	EndGlobalSection
	GlobalSection(ExtensibilityGlobals) = postSolution
		SolutionGuid = {D72E1245-F605-4C45-99FA-5A23CD06E287}
	EndGlobalSection
EndGlobal
